// !$*UTF8*$!
{
	archiveVersion = 1;
	classes = {
	};
	objectVersion = 77;
	objects = {

/* Begin PBXContainerItemProxy section */
		BB07BBF02DCFE86F00F1C7C4 /* PBXContainerItemProxy */ = {
			isa = PBXContainerItemProxy;
			containerPortal = BB07BBD22DCFE86E00F1C7C4 /* Project object */;
			proxyType = 1;
			remoteGlobalIDString = BB07BBD92DCFE86E00F1C7C4;
			remoteInfo = SafeAgent_New;
		};
		BB07BBFA2DCFE86F00F1C7C4 /* PBXContainerItemProxy */ = {
			isa = PBXContainerItemProxy;
			containerPortal = BB07BBD22DCFE86E00F1C7C4 /* Project object */;
			proxyType = 1;
			remoteGlobalIDString = BB07BBD92DCFE86E00F1C7C4;
			remoteInfo = SafeAgent_New;
		};
/* End PBXContainerItemProxy section */

/* Begin PBXFileReference section */
		BB07BBDA2DCFE86E00F1C7C4 /* SafeAgent_New.app */ = {isa = PBXFileReference; explicitFileType = wrapper.application; includeInIndex = 0; path = SafeAgent_New.app; sourceTree = BUILT_PRODUCTS_DIR; };
		BB07BBEF2DCFE86F00F1C7C4 /* SafeAgent_NewTests.xctest */ = {isa = PBXFileReference; explicitFileType = wrapper.cfbundle; includeInIndex = 0; path = SafeAgent_NewTests.xctest; sourceTree = BUILT_PRODUCTS_DIR; };
		BB07BBF92DCFE86F00F1C7C4 /* SafeAgent_NewUITests.xctest */ = {isa = PBXFileReference; explicitFileType = wrapper.cfbundle; includeInIndex = 0; path = SafeAgent_NewUITests.xctest; sourceTree = BUILT_PRODUCTS_DIR; };
/* End PBXFileReference section */

/* Begin PBXFileSystemSynchronizedRootGroup section */
		BB07BBDC2DCFE86E00F1C7C4 /* SafeAgent_New */ = {
			isa = PBXFileSystemSynchronizedRootGroup;
			path = SafeAgent_New;
			sourceTree = "<group>";
		};
		BB07BBF22DCFE86F00F1C7C4 /* SafeAgent_NewTests */ = {
			isa = PBXFileSystemSynchronizedRootGroup;
			path = SafeAgent_NewTests;
			sourceTree = "<group>";
		};
		BB07BBFC2DCFE86F00F1C7C4 /* SafeAgent_NewUITests */ = {
			isa = PBXFileSystemSynchronizedRootGroup;
			path = SafeAgent_NewUITests;
			sourceTree = "<group>";
		};
/* End PBXFileSystemSynchronizedRootGroup section */

/* Begin PBXFrameworksBuildPhase section */
		BB07BBD72DCFE86E00F1C7C4 /* Frameworks */ = {
			isa = PBXFrameworksBuildPhase;
			buildActionMask = 2147483647;
			files = (
			);
			runOnlyForDeploymentPostprocessing = 0;
		};
		BB07BBEC2DCFE86F00F1C7C4 /* Frameworks */ = {
			isa = PBXFrameworksBuildPhase;
			buildActionMask = 2147483647;
			files = (
			);
			runOnlyForDeploymentPostprocessing = 0;
		};
		BB07BBF62DCFE86F00F1C7C4 /* Frameworks */ = {
			isa = PBXFrameworksBuildPhase;
			buildActionMask = 2147483647;
			files = (
			);
			runOnlyForDeploymentPostprocessing = 0;
		};
/* End PBXFrameworksBuildPhase section */

/* Begin PBXGroup section */
		BB07BBD12DCFE86E00F1C7C4 = {
			isa = PBXGroup;
			children = (
				BB07BBDC2DCFE86E00F1C7C4 /* SafeAgent_New */,
				BB07BBF22DCFE86F00F1C7C4 /* SafeAgent_NewTests */,
				BB07BBFC2DCFE86F00F1C7C4 /* SafeAgent_NewUITests */,
				BB07BBDB2DCFE86E00F1C7C4 /* Products */,
			);
			sourceTree = "<group>";
		};
		BB07BBDB2DCFE86E00F1C7C4 /* Products */ = {
			isa = PBXGroup;
			children = (
				BB07BBDA2DCFE86E00F1C7C4 /* SafeAgent_New.app */,
				BB07BBEF2DCFE86F00F1C7C4 /* SafeAgent_NewTests.xctest */,
				BB07BBF92DCFE86F00F1C7C4 /* SafeAgent_NewUITests.xctest */,
			);
			name = Products;
			sourceTree = "<group>";
		};
/* End PBXGroup section */

/* Begin PBXNativeTarget section */
		BB07BBD92DCFE86E00F1C7C4 /* SafeAgent_New */ = {
			isa = PBXNativeTarget;
			buildConfigurationList = BB07BC032DCFE86F00F1C7C4 /* Build configuration list for PBXNativeTarget "SafeAgent_New" */;
			buildPhases = (
				BB07BBD62DCFE86E00F1C7C4 /* Sources */,
				BB07BBD72DCFE86E00F1C7C4 /* Frameworks */,
				BB07BBD82DCFE86E00F1C7C4 /* Resources */,
			);
			buildRules = (
			);
			dependencies = (
			);
			fileSystemSynchronizedGroups = (
				BB07BBDC2DCFE86E00F1C7C4 /* SafeAgent_New */,
			);
			name = SafeAgent_New;
			packageProductDependencies = (
			);
			productName = SafeAgent_New;
			productReference = BB07BBDA2DCFE86E00F1C7C4 /* SafeAgent_New.app */;
			productType = "com.apple.product-type.application";
		};
		BB07BBEE2DCFE86F00F1C7C4 /* SafeAgent_NewTests */ = {
			isa = PBXNativeTarget;
			buildConfigurationList = BB07BC062DCFE86F00F1C7C4 /* Build configuration list for PBXNativeTarget "SafeAgent_NewTests" */;
			buildPhases = (
				BB07BBEB2DCFE86F00F1C7C4 /* Sources */,
				BB07BBEC2DCFE86F00F1C7C4 /* Frameworks */,
				BB07BBED2DCFE86F00F1C7C4 /* Resources */,
			);
			buildRules = (
			);
			dependencies = (
				BB07BBF12DCFE86F00F1C7C4 /* PBXTargetDependency */,
			);
			fileSystemSynchronizedGroups = (
				BB07BBF22DCFE86F00F1C7C4 /* SafeAgent_NewTests */,
			);
			name = SafeAgent_NewTests;
			packageProductDependencies = (
			);
			productName = SafeAgent_NewTests;
			productReference = BB07BBEF2DCFE86F00F1C7C4 /* SafeAgent_NewTests.xctest */;
			productType = "com.apple.product-type.bundle.unit-test";
		};
		BB07BBF82DCFE86F00F1C7C4 /* SafeAgent_NewUITests */ = {
			isa = PBXNativeTarget;
			buildConfigurationList = BB07BC092DCFE86F00F1C7C4 /* Build configuration list for PBXNativeTarget "SafeAgent_NewUITests" */;
			buildPhases = (
				BB07BBF52DCFE86F00F1C7C4 /* Sources */,
				BB07BBF62DCFE86F00F1C7C4 /* Frameworks */,
				BB07BBF72DCFE86F00F1C7C4 /* Resources */,
			);
			buildRules = (
			);
			dependencies = (
				BB07BBFB2DCFE86F00F1C7C4 /* PBXTargetDependency */,
			);
			fileSystemSynchronizedGroups = (
				BB07BBFC2DCFE86F00F1C7C4 /* SafeAgent_NewUITests */,
			);
			name = SafeAgent_NewUITests;
			packageProductDependencies = (
			);
			productName = SafeAgent_NewUITests;
			productReference = BB07BBF92DCFE86F00F1C7C4 /* SafeAgent_NewUITests.xctest */;
			productType = "com.apple.product-type.bundle.ui-testing";
		};
/* End PBXNativeTarget section */

/* Begin PBXProject section */
		BB07BBD22DCFE86E00F1C7C4 /* Project object */ = {
			isa = PBXProject;
			attributes = {
				BuildIndependentTargetsInParallel = 1;
				LastSwiftUpdateCheck = 1620;
				LastUpgradeCheck = 1620;
				TargetAttributes = {
					BB07BBD92DCFE86E00F1C7C4 = {
						CreatedOnToolsVersion = 16.2;
					};
					BB07BBEE2DCFE86F00F1C7C4 = {
						CreatedOnToolsVersion = 16.2;
						TestTargetID = BB07BBD92DCFE86E00F1C7C4;
					};
					BB07BBF82DCFE86F00F1C7C4 = {
						CreatedOnToolsVersion = 16.2;
						TestTargetID = BB07BBD92DCFE86E00F1C7C4;
					};
				};
			};
			buildConfigurationList = BB07BBD52DCFE86E00F1C7C4 /* Build configuration list for PBXProject "SafeAgent_New" */;
			developmentRegion = en;
			hasScannedForEncodings = 0;
			knownRegions = (
				en,
				Base,
			);
			mainGroup = BB07BBD12DCFE86E00F1C7C4;
			minimizedProjectReferenceProxies = 1;
			preferredProjectObjectVersion = 77;
			productRefGroup = BB07BBDB2DCFE86E00F1C7C4 /* Products */;
			projectDirPath = "";
			projectRoot = "";
			targets = (
				BB07BBD92DCFE86E00F1C7C4 /* SafeAgent_New */,
				BB07BBEE2DCFE86F00F1C7C4 /* SafeAgent_NewTests */,
				BB07BBF82DCFE86F00F1C7C4 /* SafeAgent_NewUITests */,
			);
		};
/* End PBXProject section */

/* Begin PBXResourcesBuildPhase section */
		BB07BBD82DCFE86E00F1C7C4 /* Resources */ = {
			isa = PBXResourcesBuildPhase;
			buildActionMask = 2147483647;
			files = (
			);
			runOnlyForDeploymentPostprocessing = 0;
		};
		BB07BBED2DCFE86F00F1C7C4 /* Resources */ = {
			isa = PBXResourcesBuildPhase;
			buildActionMask = 2147483647;
			files = (
			);
			runOnlyForDeploymentPostprocessing = 0;
		};
		BB07BBF72DCFE86F00F1C7C4 /* Resources */ = {
			isa = PBXResourcesBuildPhase;
			buildActionMask = 2147483647;
			files = (
			);
			runOnlyForDeploymentPostprocessing = 0;
		};
/* End PBXResourcesBuildPhase section */

/* Begin PBXSourcesBuildPhase section */
		BB07BBD62DCFE86E00F1C7C4 /* Sources */ = {
			isa = PBXSourcesBuildPhase;
			buildActionMask = 2147483647;
			files = (
			);
			runOnlyForDeploymentPostprocessing = 0;
		};
		BB07BBEB2DCFE86F00F1C7C4 /* Sources */ = {
			isa = PBXSourcesBuildPhase;
			buildActionMask = 2147483647;
			files = (
			);
			runOnlyForDeploymentPostprocessing = 0;
		};
		BB07BBF52DCFE86F00F1C7C4 /* Sources */ = {
			isa = PBXSourcesBuildPhase;
			buildActionMask = 2147483647;
			files = (
			);
			runOnlyForDeploymentPostprocessing = 0;
		};
/* End PBXSourcesBuildPhase section */

/* Begin PBXTargetDependency section */
		BB07BBF12DCFE86F00F1C7C4 /* PBXTargetDependency */ = {
			isa = PBXTargetDependency;
			target = BB07BBD92DCFE86E00F1C7C4 /* SafeAgent_New */;
			targetProxy = BB07BBF02DCFE86F00F1C7C4 /* PBXContainerItemProxy */;
		};
		BB07BBFB2DCFE86F00F1C7C4 /* PBXTargetDependency */ = {
			isa = PBXTargetDependency;
			target = BB07BBD92DCFE86E00F1C7C4 /* SafeAgent_New */;
			targetProxy = BB07BBFA2DCFE86F00F1C7C4 /* PBXContainerItemProxy */;
		};
/* End PBXTargetDependency section */

/* Begin XCBuildConfiguration section */
		BB07BC012DCFE86F00F1C7C4 /* Debug */ = {
			isa = XCBuildConfiguration;
			buildSettings = {
				ALWAYS_SEARCH_USER_PATHS = NO;
				ASSETCATALOG_COMPILER_GENERATE_SWIFT_ASSET_SYMBOL_EXTENSIONS = YES;
				CLANG_ANALYZER_NONNULL = YES;
				CLANG_ANALYZER_NUMBER_OBJECT_CONVERSION = YES_AGGRESSIVE;
				CLANG_CXX_LANGUAGE_STANDARD = "gnu++20";
				CLANG_ENABLE_MODULES = YES;
				CLANG_ENABLE_OBJC_ARC = YES;
				CLANG_ENABLE_OBJC_WEAK = YES;
				CLANG_WARN_BLOCK_CAPTURE_AUTORELEASING = YES;
				CLANG_WARN_BOOL_CONVERSION = YES;
				CLANG_WARN_COMMA = YES;
				CLANG_WARN_CONSTANT_CONVERSION = YES;
				CLANG_WARN_DEPRECATED_OBJC_IMPLEMENTATIONS = YES;
				CLANG_WARN_DIRECT_OBJC_ISA_USAGE = YES_ERROR;
				CLANG_WARN_DOCUMENTATION_COMMENTS = YES;
				CLANG_WARN_EMPTY_BODY = YES;
				CLANG_WARN_ENUM_CONVERSION = YES;
				CLANG_WARN_INFINITE_RECURSION = YES;
				CLANG_WARN_INT_CONVERSION = YES;
				CLANG_WARN_NON_LITERAL_NULL_CONVERSION = YES;
				CLANG_WARN_OBJC_IMPLICIT_RETAIN_SELF = YES;
				CLANG_WARN_OBJC_LITERAL_CONVERSION = YES;
				CLANG_WARN_OBJC_ROOT_CLASS = YES_ERROR;
				CLANG_WARN_QUOTED_INCLUDE_IN_FRAMEWORK_HEADER = YES;
				CLANG_WARN_RANGE_LOOP_ANALYSIS = YES;
				CLANG_WARN_STRICT_PROTOTYPES = YES;
				CLANG_WARN_SUSPICIOUS_MOVE = YES;
				CLANG_WARN_UNGUARDED_AVAILABILITY = YES_AGGRESSIVE;
				CLANG_WARN_UNREACHABLE_CODE = YES;
				CLANG_WARN__DUPLICATE_METHOD_MATCH = YES;
				COPY_PHASE_STRIP = NO;
				DEBUG_INFORMATION_FORMAT = dwarf;
				ENABLE_STRICT_OBJC_MSGSEND = YES;
				ENABLE_TESTABILITY = YES;
				ENABLE_USER_SCRIPT_SANDBOXING = YES;
				GCC_C_LANGUAGE_STANDARD = gnu17;
				GCC_DYNAMIC_NO_PIC = NO;
				GCC_NO_COMMON_BLOCKS = YES;
				GCC_OPTIMIZATION_LEVEL = 0;
				GCC_PREPROCESSOR_DEFINITIONS = (
					"DEBUG=1",
					"$(inherited)",
				);
				GCC_WARN_64_TO_32_BIT_CONVERSION = YES;
				GCC_WARN_ABOUT_RETURN_TYPE = YES_ERROR;
				GCC_WARN_UNDECLARED_SELECTOR = YES;
				GCC_WARN_UNINITIALIZED_AUTOS = YES_AGGRESSIVE;
				GCC_WARN_UNUSED_FUNCTION = YES;
				GCC_WARN_UNUSED_VARIABLE = YES;
				IPHONEOS_DEPLOYMENT_TARGET = 18.2;
				LOCALIZATION_PREFERS_STRING_CATALOGS = YES;
				MTL_ENABLE_DEBUG_INFO = INCLUDE_SOURCE;
				MTL_FAST_MATH = YES;
				ONLY_ACTIVE_ARCH = YES;
				SDKROOT = iphoneos;
				SWIFT_ACTIVE_COMPILATION_CONDITIONS = "DEBUG $(inherited)";
				SWIFT_OPTIMIZATION_LEVEL = "-Onone";
			};
			name = Debug;
		};
		BB07BC022DCFE86F00F1C7C4 /* Release */ = {
			isa = XCBuildConfiguration;
			buildSettings = {
				ALWAYS_SEARCH_USER_PATHS = NO;
				ASSETCATALOG_COMPILER_GENERATE_SWIFT_ASSET_SYMBOL_EXTENSIONS = YES;
				CLANG_ANALYZER_NONNULL = YES;
				CLANG_ANALYZER_NUMBER_OBJECT_CONVERSION = YES_AGGRESSIVE;
				CLANG_CXX_LANGUAGE_STANDARD = "gnu++20";
				CLANG_ENABLE_MODULES = YES;
				CLANG_ENABLE_OBJC_ARC = YES;
				CLANG_ENABLE_OBJC_WEAK = YES;
				CLANG_WARN_BLOCK_CAPTURE_AUTORELEASING = YES;
				CLANG_WARN_BOOL_CONVERSION = YES;
				CLANG_WARN_COMMA = YES;
				CLANG_WARN_CONSTANT_CONVERSION = YES;
				CLANG_WARN_DEPRECATED_OBJC_IMPLEMENTATIONS = YES;
				CLANG_WARN_DIRECT_OBJC_ISA_USAGE = YES_ERROR;
				CLANG_WARN_DOCUMENTATION_COMMENTS = YES;
				CLANG_WARN_EMPTY_BODY = YES;
				CLANG_WARN_ENUM_CONVERSION = YES;
				CLANG_WARN_INFINITE_RECURSION = YES;
				CLANG_WARN_INT_CONVERSION = YES;
				CLANG_WARN_NON_LITERAL_NULL_CONVERSION = YES;
				CLANG_WARN_OBJC_IMPLICIT_RETAIN_SELF = YES;
				CLANG_WARN_OBJC_LITERAL_CONVERSION = YES;
				CLANG_WARN_OBJC_ROOT_CLASS = YES_ERROR;
				CLANG_WARN_QUOTED_INCLUDE_IN_FRAMEWORK_HEADER = YES;
				CLANG_WARN_RANGE_LOOP_ANALYSIS = YES;
				CLANG_WARN_STRICT_PROTOTYPES = YES;
				CLANG_WARN_SUSPICIOUS_MOVE = YES;
				CLANG_WARN_UNGUARDED_AVAILABILITY = YES_AGGRESSIVE;
				CLANG_WARN_UNREACHABLE_CODE = YES;
				CLANG_WARN__DUPLICATE_METHOD_MATCH = YES;
				COPY_PHASE_STRIP = NO;
				DEBUG_INFORMATION_FORMAT = "dwarf-with-dsym";
				ENABLE_NS_ASSERTIONS = NO;
				ENABLE_STRICT_OBJC_MSGSEND = YES;
				ENABLE_USER_SCRIPT_SANDBOXING = YES;
				GCC_C_LANGUAGE_STANDARD = gnu17;
				GCC_NO_COMMON_BLOCKS = YES;
				GCC_WARN_64_TO_32_BIT_CONVERSION = YES;
				GCC_WARN_ABOUT_RETURN_TYPE = YES_ERROR;
				GCC_WARN_UNDECLARED_SELECTOR = YES;
				GCC_WARN_UNINITIALIZED_AUTOS = YES_AGGRESSIVE;
				GCC_WARN_UNUSED_FUNCTION = YES;
				GCC_WARN_UNUSED_VARIABLE = YES;
				IPHONEOS_DEPLOYMENT_TARGET = 18.2;
				LOCALIZATION_PREFERS_STRING_CATALOGS = YES;
				MTL_ENABLE_DEBUG_INFO = NO;
				MTL_FAST_MATH = YES;
				SDKROOT = iphoneos;
				SWIFT_COMPILATION_MODE = wholemodule;
				VALIDATE_PRODUCT = YES;
			};
			name = Release;
		};
		BB07BC042DCFE86F00F1C7C4 /* Debug */ = {
			isa = XCBuildConfiguration;
			buildSettings = {
				ASSETCATALOG_COMPILER_APPICON_NAME = AppIcon;
				ASSETCATALOG_COMPILER_GLOBAL_ACCENT_COLOR_NAME = AccentColor;
				CODE_SIGN_STYLE = Automatic;
				CURRENT_PROJECT_VERSION = 1;
				DEVELOPMENT_ASSET_PATHS = "\"SafeAgent_New/Preview Content\"";
				DEVELOPMENT_TEAM = XC45473354;
				ENABLE_PREVIEWS = YES;
				GENERATE_INFOPLIST_FILE = YES;
				INFOPLIST_KEY_UIApplicationSceneManifest_Generation = YES;
				INFOPLIST_KEY_UIApplicationSupportsIndirectInputEvents = YES;
				INFOPLIST_KEY_UILaunchScreen_Generation = YES;
				INFOPLIST_KEY_UISupportedInterfaceOrientations_iPad = "UIInterfaceOrientationPortrait UIInterfaceOrientationPortraitUpsideDown UIInterfaceOrientationLandscapeLeft UIInterfaceOrientationLandscapeRight";
				INFOPLIST_KEY_UISupportedInterfaceOrientations_iPhone = "UIInterfaceOrientationPortrait UIInterfaceOrientationLandscapeLeft UIInterfaceOrientationLandscapeRight";
				LD_RUNPATH_SEARCH_PATHS = (
					"$(inherited)",
					"@executable_path/Frameworks",
				);
				MARKETING_VERSION = 1.0;
				PRODUCT_BUNDLE_IDENTIFIER = "com.SafeAgent.SafeAgent-New";
				PRODUCT_NAME = "$(TARGET_NAME)";
				SWIFT_EMIT_LOC_STRINGS = YES;
				SWIFT_VERSION = 5.0;
				TARGETED_DEVICE_FAMILY = "1,2";
			};
			name = Debug;
		};
		BB07BC052DCFE86F00F1C7C4 /* Release */ = {
			isa = XCBuildConfiguration;
			buildSettings = {
				ASSETCATALOG_COMPILER_APPICON_NAME = AppIcon;
				ASSETCATALOG_COMPILER_GLOBAL_ACCENT_COLOR_NAME = AccentColor;
				CODE_SIGN_STYLE = Automatic;
				CURRENT_PROJECT_VERSION = 1;
				DEVELOPMENT_ASSET_PATHS = "\"SafeAgent_New/Preview Content\"";
				DEVELOPMENT_TEAM = XC45473354;
				ENABLE_PREVIEWS = YES;
				GENERATE_INFOPLIST_FILE = YES;
				INFOPLIST_KEY_UIApplicationSceneManifest_Generation = YES;
				INFOPLIST_KEY_UIApplicationSupportsIndirectInputEvents = YES;
				INFOPLIST_KEY_UILaunchScreen_Generation = YES;
				INFOPLIST_KEY_UISupportedInterfaceOrientations_iPad = "UIInterfaceOrientationPortrait UIInterfaceOrientationPortraitUpsideDown UIInterfaceOrientationLandscapeLeft UIInterfaceOrientationLandscapeRight";
				INFOPLIST_KEY_UISupportedInterfaceOrientations_iPhone = "UIInterfaceOrientationPortrait UIInterfaceOrientationLandscapeLeft UIInterfaceOrientationLandscapeRight";
				LD_RUNPATH_SEARCH_PATHS = (
					"$(inherited)",
					"@executable_path/Frameworks",
				);
				MARKETING_VERSION = 1.0;
				PRODUCT_BUNDLE_IDENTIFIER = "com.SafeAgent.SafeAgent-New";
				PRODUCT_NAME = "$(TARGET_NAME)";
				SWIFT_EMIT_LOC_STRINGS = YES;
				SWIFT_VERSION = 5.0;
				TARGETED_DEVICE_FAMILY = "1,2";
			};
			name = Release;
		};
		BB07BC072DCFE86F00F1C7C4 /* Debug */ = {
			isa = XCBuildConfiguration;
			buildSettings = {
				BUNDLE_LOADER = "$(TEST_HOST)";
				CODE_SIGN_STYLE = Automatic;
				CURRENT_PROJECT_VERSION = 1;
				DEVELOPMENT_TEAM = XC45473354;
				GENERATE_INFOPLIST_FILE = YES;
				IPHONEOS_DEPLOYMENT_TARGET = 18.2;
				MARKETING_VERSION = 1.0;
				PRODUCT_BUNDLE_IDENTIFIER = "com.SafeAgent.SafeAgent-NewTests";
				PRODUCT_NAME = "$(TARGET_NAME)";
				SWIFT_EMIT_LOC_STRINGS = NO;
				SWIFT_VERSION = 5.0;
				TARGETED_DEVICE_FAMILY = "1,2";
				TEST_HOST = "$(BUILT_PRODUCTS_DIR)/SafeAgent_New.app/$(BUNDLE_EXECUTABLE_FOLDER_PATH)/SafeAgent_New";
			};
			name = Debug;
		};
		BB07BC082DCFE86F00F1C7C4 /* Release */ = {
			isa = XCBuildConfiguration;
			buildSettings = {
				BUNDLE_LOADER = "$(TEST_HOST)";
				CODE_SIGN_STYLE = Automatic;
				CURRENT_PROJECT_VERSION = 1;
				DEVELOPMENT_TEAM = XC45473354;
				GENERATE_INFOPLIST_FILE = YES;
				IPHONEOS_DEPLOYMENT_TARGET = 18.2;
				MARKETING_VERSION = 1.0;
				PRODUCT_BUNDLE_IDENTIFIER = "com.SafeAgent.SafeAgent-NewTests";
				PRODUCT_NAME = "$(TARGET_NAME)";
				SWIFT_EMIT_LOC_STRINGS = NO;
				SWIFT_VERSION = 5.0;
				TARGETED_DEVICE_FAMILY = "1,2";
				TEST_HOST = "$(BUILT_PRODUCTS_DIR)/SafeAgent_New.app/$(BUNDLE_EXECUTABLE_FOLDER_PATH)/SafeAgent_New";
			};
			name = Release;
		};
		BB07BC0A2DCFE86F00F1C7C4 /* Debug */ = {
			isa = XCBuildConfiguration;
			buildSettings = {
				CODE_SIGN_STYLE = Automatic;
				CURRENT_PROJECT_VERSION = 1;
				DEVELOPMENT_TEAM = XC45473354;
				GENERATE_INFOPLIST_FILE = YES;
				MARKETING_VERSION = 1.0;
				PRODUCT_BUNDLE_IDENTIFIER = "com.SafeAgent.SafeAgent-NewUITests";
				PRODUCT_NAME = "$(TARGET_NAME)";
				SWIFT_EMIT_LOC_STRINGS = NO;
				SWIFT_VERSION = 5.0;
				TARGETED_DEVICE_FAMILY = "1,2";
				TEST_TARGET_NAME = SafeAgent_New;
			};
			name = Debug;
		};
		BB07BC0B2DCFE86F00F1C7C4 /* Release */ = {
			isa = XCBuildConfiguration;
			buildSettings = {
				CODE_SIGN_STYLE = Automatic;
				CURRENT_PROJECT_VERSION = 1;
				DEVELOPMENT_TEAM = XC45473354;
				GENERATE_INFOPLIST_FILE = YES;
				MARKETING_VERSION = 1.0;
				PRODUCT_BUNDLE_IDENTIFIER = "com.SafeAgent.SafeAgent-NewUITests";
				PRODUCT_NAME = "$(TARGET_NAME)";
				SWIFT_EMIT_LOC_STRINGS = NO;
				SWIFT_VERSION = 5.0;
				TARGETED_DEVICE_FAMILY = "1,2";
				TEST_TARGET_NAME = SafeAgent_New;
			};
			name = Release;
		};
/* End XCBuildConfiguration section */

/* Begin XCConfigurationList section */
		BB07BBD52DCFE86E00F1C7C4 /* Build configuration list for PBXProject "SafeAgent_New" */ = {
			isa = XCConfigurationList;
			buildConfigurations = (
				BB07BC012DCFE86F00F1C7C4 /* Debug */,
				BB07BC022DCFE86F00F1C7C4 /* Release */,
			);
			defaultConfigurationIsVisible = 0;
			defaultConfigurationName = Release;
		};
		BB07BC032DCFE86F00F1C7C4 /* Build configuration list for PBXNativeTarget "SafeAgent_New" */ = {
			isa = XCConfigurationList;
			buildConfigurations = (
				BB07BC042DCFE86F00F1C7C4 /* Debug */,
				BB07BC052DCFE86F00F1C7C4 /* Release */,
			);
			defaultConfigurationIsVisible = 0;
			defaultConfigurationName = Release;
		};
		BB07BC062DCFE86F00F1C7C4 /* Build configuration list for PBXNativeTarget "SafeAgent_NewTests" */ = {
			isa = XCConfigurationList;
			buildConfigurations = (
				BB07BC072DCFE86F00F1C7C4 /* Debug */,
				BB07BC082DCFE86F00F1C7C4 /* Release */,
			);
			defaultConfigurationIsVisible = 0;
			defaultConfigurationName = Release;
		};
		BB07BC092DCFE86F00F1C7C4 /* Build configuration list for PBXNativeTarget "SafeAgent_NewUITests" */ = {
			isa = XCConfigurationList;
			buildConfigurations = (
				BB07BC0A2DCFE86F00F1C7C4 /* Debug */,
				BB07BC0B2DCFE86F00F1C7C4 /* Release */,
			);
			defaultConfigurationIsVisible = 0;
			defaultConfigurationName = Release;
		};
/* End XCConfigurationList section */
	};
	rootObject = BB07BBD22DCFE86E00F1C7C4 /* Project object */;
}
